<?xml version="1.0" encoding="utf-8"?>
<Project ToolsVersion="4.0" xmlns="http://schemas.microsoft.com/developer/msbuild/2003">
  <ItemGroup>
    <Filter Include="Source Files">
      <UniqueIdentifier>{4FC737F1-C7A5-4376-A066-2A32D752A2FF}</UniqueIdentifier>
      <Extensions>cpp;c;cc;cxx;c++;cppm;ixx;def;odl;idl;hpj;bat;asm;asmx</Extensions>
    </Filter>
    <Filter Include="Header Files">
      <UniqueIdentifier>{93995380-89BD-4b04-88EB-625FBE52EBFB}</UniqueIdentifier>
      <Extensions>h;hh;hpp;hxx;h++;hm;inl;inc;ipp;xsd</Extensions>
    </Filter>
    <Filter Include="Resource Files">
      <UniqueIdentifier>{67DA6AB6-F800-4c08-8B7A-83BB121AAD01}</UniqueIdentifier>
      <Extensions>rc;ico;cur;bmp;dlg;rc2;rct;bin;rgs;gif;jpg;jpeg;jpe;resx;tiff;tif;png;wav;mfcribbon-ms</Extensions>
    </Filter>
    <Filter Include="Source Files\UiElements">
      <UniqueIdentifier>{2bade2af-b7c6-48b1-b30b-705d9abae45f}</UniqueIdentifier>
    </Filter>
    <Filter Include="Header Files\UiElement">
      <UniqueIdentifier>{08240bcc-d541-434a-aea0-9d67d8cc1e8a}</UniqueIdentifier>
    </Filter>
  </ItemGroup>
  <ItemGroup>
    <ClCompile Include="..\src\main.cpp">
      <Filter>Source Files</Filter>
    </ClCompile>
    <ClCompile Include="..\src\Button.cpp">
      <Filter>Source Files\UiElements</Filter>
    </ClCompile>
    <ClCompile Include="..\src\Image.cpp">
      <Filter>Source Files\UiElements</Filter>
    </ClCompile>
    <ClCompile Include="..\src\Slider.cpp">
      <Filter>Source Files\UiElements</Filter>
    </ClCompile>
    <ClCompile Include="..\src\Toggle.cpp">
      <Filter>Source Files\UiElements</Filter>
    </ClCompile>
  </ItemGroup>
  <ItemGroup>
    <ClInclude Include="..\src\Button.h">
      <Filter>Header Files\UiElement</Filter>
    </ClInclude>
    <ClInclude Include="..\src\HudElement.h">
      <Filter>Header Files\UiElement</Filter>
    </ClInclude>
    <ClInclude Include="..\src\Image.h">
      <Filter>Header Files\UiElement</Filter>
    </ClInclude>
    <ClInclude Include="..\src\Slider.h">
      <Filter>Header Files\UiElement</Filter>
    </ClInclude>
    <ClInclude Include="..\src\Toggle.h">
      <Filter>Header Files\UiElement</Filter>
    </ClInclude>
  </ItemGroup>
</Project>